
Microsoft Visual Studio Solution File, Format Version 12.00
# Visual Studio 2012
Project("{E24C65DC-7377-472B-9ABA-BC803B73C61A}") = "SolutionFactory", "http://localhost:50370", "{290AB380-D560-44C1-B32C-2E3D3051E99C}"
	ProjectSection(WebsiteProperties) = preProject
		UseIISExpress = "true"
		TargetFrameworkMoniker = ".NETFramework,Version%3Dv4.5"
		Debug.AspNetCompiler.VirtualPath = "/localhost_50370"
		Debug.AspNetCompiler.PhysicalPath = "..\..\..\..\..\..\Rajeev Jagadeesh\Private\SolutionFactory\"
		Debug.AspNetCompiler.TargetPath = "PrecompiledWeb\localhost_50370\"
		Debug.AspNetCompiler.Updateable = "true"
		Debug.AspNetCompiler.ForceOverwrite = "true"
		Debug.AspNetCompiler.FixedNames = "false"
		Debug.AspNetCompiler.Debug = "True"
		Release.AspNetCompiler.VirtualPath = "/localhost_50370"
		Release.AspNetCompiler.PhysicalPath = "..\..\..\..\..\..\Rajeev Jagadeesh\Private\SolutionFactory\"
		Release.AspNetCompiler.TargetPath = "PrecompiledWeb\localhost_50370\"
		Release.AspNetCompiler.Updateable = "true"
		Release.AspNetCompiler.ForceOverwrite = "true"
		Release.AspNetCompiler.FixedNames = "false"
		Release.AspNetCompiler.Debug = "False"
		SlnRelativePath = "..\..\..\..\..\..\Rajeev Jagadeesh\Private\SolutionFactory\"
		DefaultWebSiteLanguage = "Visual C#"
	EndProjectSection
EndProject
Global
	GlobalSection(SolutionConfigurationPlatforms) = preSolution
		Debug|Any CPU = Debug|Any CPU
	EndGlobalSection
	GlobalSection(ProjectConfigurationPlatforms) = postSolution
		{290AB380-D560-44C1-B32C-2E3D3051E99C}.Debug|Any CPU.ActiveCfg = Debug|Any CPU
		{290AB380-D560-44C1-B32C-2E3D3051E99C}.Debug|Any CPU.Build.0 = Debug|Any CPU
	EndGlobalSection
	GlobalSection(SolutionProperties) = preSolution
		HideSolutionNode = FALSE
	EndGlobalSection
EndGlobal
